// !$*UTF8*$!
{
	archiveVersion = 1;
	classes = {
	};
	objectVersion = 46;
	objects = {

/* Begin PBXBuildFile section */
		CF56C75B1EB3368F0047F90E /* HistoryViewController.swift in Sources */ = {isa = PBXBuildFile; fileRef = CF56C75A1EB3368F0047F90E /* HistoryViewController.swift */; };
		CFEAC04F1EA2FC93003883E9 /* AppDelegate.swift in Sources */ = {isa = PBXBuildFile; fileRef = CFEAC04E1EA2FC93003883E9 /* AppDelegate.swift */; };
		CFEAC0511EA2FC93003883E9 /* ViewController.swift in Sources */ = {isa = PBXBuildFile; fileRef = CFEAC0501EA2FC93003883E9 /* ViewController.swift */; };
		CFEAC0541EA2FC93003883E9 /* Main.storyboard in Resources */ = {isa = PBXBuildFile; fileRef = CFEAC0521EA2FC93003883E9 /* Main.storyboard */; };
		CFEAC0571EA2FC93003883E9 /* simple_calc.xcdatamodeld in Sources */ = {isa = PBXBuildFile; fileRef = CFEAC0551EA2FC93003883E9 /* simple_calc.xcdatamodeld */; };
		CFEAC0591EA2FC93003883E9 /* Assets.xcassets in Resources */ = {isa = PBXBuildFile; fileRef = CFEAC0581EA2FC93003883E9 /* Assets.xcassets */; };
		CFEAC05C1EA2FC93003883E9 /* LaunchScreen.storyboard in Resources */ = {isa = PBXBuildFile; fileRef = CFEAC05A1EA2FC93003883E9 /* LaunchScreen.storyboard */; };
		CFEAC0671EA2FC93003883E9 /* simple_calcTests.swift in Sources */ = {isa = PBXBuildFile; fileRef = CFEAC0661EA2FC93003883E9 /* simple_calcTests.swift */; };
		CFEAC0721EA2FC93003883E9 /* simple_calcUITests.swift in Sources */ = {isa = PBXBuildFile; fileRef = CFEAC0711EA2FC93003883E9 /* simple_calcUITests.swift */; };
/* End PBXBuildFile section */

/* Begin PBXContainerItemProxy section */
		CFEAC0631EA2FC93003883E9 /* PBXContainerItemProxy */ = {
			isa = PBXContainerItemProxy;
			containerPortal = CFEAC0431EA2FC93003883E9 /* Project object */;
			proxyType = 1;
			remoteGlobalIDString = CFEAC04A1EA2FC93003883E9;
			remoteInfo = "simple-calc";
		};
		CFEAC06E1EA2FC93003883E9 /* PBXContainerItemProxy */ = {
			isa = PBXContainerItemProxy;
			containerPortal = CFEAC0431EA2FC93003883E9 /* Project object */;
			proxyType = 1;
			remoteGlobalIDString = CFEAC04A1EA2FC93003883E9;
			remoteInfo = "simple-calc";
		};
/* End PBXContainerItemProxy section */

/* Begin PBXFileReference section */
		CF56C75A1EB3368F0047F90E /* HistoryViewController.swift */ = {isa = PBXFileReference; fileEncoding = 4; lastKnownFileType = sourcecode.swift; path = HistoryViewController.swift; sourceTree = "<group>"; };
		CFEAC04B1EA2FC93003883E9 /* simple-calc.app */ = {isa = PBXFileReference; explicitFileType = wrapper.application; includeInIndex = 0; path = "simple-calc.app"; sourceTree = BUILT_PRODUCTS_DIR; };
		CFEAC04E1EA2FC93003883E9 /* AppDelegate.swift */ = {isa = PBXFileReference; lastKnownFileType = sourcecode.swift; path = AppDelegate.swift; sourceTree = "<group>"; };
		CFEAC0501EA2FC93003883E9 /* ViewController.swift */ = {isa = PBXFileReference; lastKnownFileType = sourcecode.swift; path = ViewController.swift; sourceTree = "<group>"; };
		CFEAC0531EA2FC93003883E9 /* Base */ = {isa = PBXFileReference; lastKnownFileType = file.storyboard; name = Base; path = Base.lproj/Main.storyboard; sourceTree = "<group>"; };
		CFEAC0561EA2FC93003883E9 /* simple_calc.xcdatamodel */ = {isa = PBXFileReference; lastKnownFileType = wrapper.xcdatamodel; path = simple_calc.xcdatamodel; sourceTree = "<group>"; };
		CFEAC0581EA2FC93003883E9 /* Assets.xcassets */ = {isa = PBXFileReference; lastKnownFileType = folder.assetcatalog; path = Assets.xcassets; sourceTree = "<group>"; };
		CFEAC05B1EA2FC93003883E9 /* Base */ = {isa = PBXFileReference; lastKnownFileType = file.storyboard; name = Base; path = Base.lproj/LaunchScreen.storyboard; sourceTree = "<group>"; };
		CFEAC05D1EA2FC93003883E9 /* Info.plist */ = {isa = PBXFileReference; lastKnownFileType = text.plist.xml; path = Info.plist; sourceTree = "<group>"; };
		CFEAC0621EA2FC93003883E9 /* simple-calcTests.xctest */ = {isa = PBXFileReference; explicitFileType = wrapper.cfbundle; includeInIndex = 0; path = "simple-calcTests.xctest"; sourceTree = BUILT_PRODUCTS_DIR; };
		CFEAC0661EA2FC93003883E9 /* simple_calcTests.swift */ = {isa = PBXFileReference; lastKnownFileType = sourcecode.swift; path = simple_calcTests.swift; sourceTree = "<group>"; };
		CFEAC0681EA2FC93003883E9 /* Info.plist */ = {isa = PBXFileReference; lastKnownFileType = text.plist.xml; path = Info.plist; sourceTree = "<group>"; };
		CFEAC06D1EA2FC93003883E9 /* simple-calcUITests.xctest */ = {isa = PBXFileReference; explicitFileType = wrapper.cfbundle; includeInIndex = 0; path = "simple-calcUITests.xctest"; sourceTree = BUILT_PRODUCTS_DIR; };
		CFEAC0711EA2FC93003883E9 /* simple_calcUITests.swift */ = {isa = PBXFileReference; lastKnownFileType = sourcecode.swift; path = simple_calcUITests.swift; sourceTree = "<group>"; };
		CFEAC0731EA2FC93003883E9 /* Info.plist */ = {isa = PBXFileReference; lastKnownFileType = text.plist.xml; path = Info.plist; sourceTree = "<group>"; };
/* End PBXFileReference section */

/* Begin PBXFrameworksBuildPhase section */
		CFEAC0481EA2FC93003883E9 /* Frameworks */ = {
			isa = PBXFrameworksBuildPhase;
			buildActionMask = 2147483647;
			files = (
			);
			runOnlyForDeploymentPostprocessing = 0;
		};
		CFEAC05F1EA2FC93003883E9 /* Frameworks */ = {
			isa = PBXFrameworksBuildPhase;
			buildActionMask = 2147483647;
			files = (
			);
			runOnlyForDeploymentPostprocessing = 0;
		};
		CFEAC06A1EA2FC93003883E9 /* Frameworks */ = {
			isa = PBXFrameworksBuildPhase;
			buildActionMask = 2147483647;
			files = (
			);
			runOnlyForDeploymentPostprocessing = 0;
		};
/* End PBXFrameworksBuildPhase section */

/* Begin PBXGroup section */
		CFEAC0421EA2FC93003883E9 = {
			isa = PBXGroup;
			children = (
				CFEAC04D1EA2FC93003883E9 /* simple-calc */,
				CFEAC0651EA2FC93003883E9 /* simple-calcTests */,
				CFEAC0701EA2FC93003883E9 /* simple-calcUITests */,
				CFEAC04C1EA2FC93003883E9 /* Products */,
			);
			sourceTree = "<group>";
		};
		CFEAC04C1EA2FC93003883E9 /* Products */ = {
			isa = PBXGroup;
			children = (
				CFEAC04B1EA2FC93003883E9 /* simple-calc.app */,
				CFEAC0621EA2FC93003883E9 /* simple-calcTests.xctest */,
				CFEAC06D1EA2FC93003883E9 /* simple-calcUITests.xctest */,
			);
			name = Products;
			sourceTree = "<group>";
		};
		CFEAC04D1EA2FC93003883E9 /* simple-calc */ = {
			isa = PBXGroup;
			children = (
				CFEAC04E1EA2FC93003883E9 /* AppDelegate.swift */,
				CFEAC0501EA2FC93003883E9 /* ViewController.swift */,
				CF56C75A1EB3368F0047F90E /* HistoryViewController.swift */,
				CFEAC0521EA2FC93003883E9 /* Main.storyboard */,
				CFEAC0581EA2FC93003883E9 /* Assets.xcassets */,
				CFEAC05A1EA2FC93003883E9 /* LaunchScreen.storyboard */,
				CFEAC05D1EA2FC93003883E9 /* Info.plist */,
				CFEAC0551EA2FC93003883E9 /* simple_calc.xcdatamodeld */,
			);
			path = "simple-calc";
			sourceTree = "<group>";
		};
		CFEAC0651EA2FC93003883E9 /* simple-calcTests */ = {
			isa = PBXGroup;
			children = (
				CFEAC0661EA2FC93003883E9 /* simple_calcTests.swift */,
				CFEAC0681EA2FC93003883E9 /* Info.plist */,
			);
			path = "simple-calcTests";
			sourceTree = "<group>";
		};
		CFEAC0701EA2FC93003883E9 /* simple-calcUITests */ = {
			isa = PBXGroup;
			children = (
				CFEAC0711EA2FC93003883E9 /* simple_calcUITests.swift */,
				CFEAC0731EA2FC93003883E9 /* Info.plist */,
			);
			path = "simple-calcUITests";
			sourceTree = "<group>";
		};
/* End PBXGroup section */

/* Begin PBXNativeTarget section */
		CFEAC04A1EA2FC93003883E9 /* simple-calc */ = {
			isa = PBXNativeTarget;
			buildConfigurationList = CFEAC0761EA2FC93003883E9 /* Build configuration list for PBXNativeTarget "simple-calc" */;
			buildPhases = (
				CFEAC0471EA2FC93003883E9 /* Sources */,
				CFEAC0481EA2FC93003883E9 /* Frameworks */,
				CFEAC0491EA2FC93003883E9 /* Resources */,
			);
			buildRules = (
			);
			dependencies = (
			);
			name = "simple-calc";
			productName = "simple-calc";
			productReference = CFEAC04B1EA2FC93003883E9 /* simple-calc.app */;
			productType = "com.apple.product-type.application";
		};
		CFEAC0611EA2FC93003883E9 /* simple-calcTests */ = {
			isa = PBXNativeTarget;
			buildConfigurationList = CFEAC0791EA2FC93003883E9 /* Build configuration list for PBXNativeTarget "simple-calcTests" */;
			buildPhases = (
				CFEAC05E1EA2FC93003883E9 /* Sources */,
				CFEAC05F1EA2FC93003883E9 /* Frameworks */,
				CFEAC0601EA2FC93003883E9 /* Resources */,
			);
			buildRules = (
			);
			dependencies = (
				CFEAC0641EA2FC93003883E9 /* PBXTargetDependency */,
			);
			name = "simple-calcTests";
			productName = "simple-calcTests";
			productReference = CFEAC0621EA2FC93003883E9 /* simple-calcTests.xctest */;
			productType = "com.apple.product-type.bundle.unit-test";
		};
		CFEAC06C1EA2FC93003883E9 /* simple-calcUITests */ = {
			isa = PBXNativeTarget;
			buildConfigurationList = CFEAC07C1EA2FC93003883E9 /* Build configuration list for PBXNativeTarget "simple-calcUITests" */;
			buildPhases = (
				CFEAC0691EA2FC93003883E9 /* Sources */,
				CFEAC06A1EA2FC93003883E9 /* Frameworks */,
				CFEAC06B1EA2FC93003883E9 /* Resources */,
			);
			buildRules = (
			);
			dependencies = (
				CFEAC06F1EA2FC93003883E9 /* PBXTargetDependency */,
			);
			name = "simple-calcUITests";
			productName = "simple-calcUITests";
			productReference = CFEAC06D1EA2FC93003883E9 /* simple-calcUITests.xctest */;
			productType = "com.apple.product-type.bundle.ui-testing";
		};
/* End PBXNativeTarget section */

/* Begin PBXProject section */
		CFEAC0431EA2FC93003883E9 /* Project object */ = {
			isa = PBXProject;
			attributes = {
				LastSwiftUpdateCheck = 0830;
				LastUpgradeCheck = 0830;
				ORGANIZATIONNAME = "Patricia Au";
				TargetAttributes = {
					CFEAC04A1EA2FC93003883E9 = {
						CreatedOnToolsVersion = 8.3.1;
						DevelopmentTeam = 7VK86NNJUX;
						ProvisioningStyle = Automatic;
					};
					CFEAC0611EA2FC93003883E9 = {
						CreatedOnToolsVersion = 8.3.1;
						DevelopmentTeam = 7VK86NNJUX;
						ProvisioningStyle = Automatic;
						TestTargetID = CFEAC04A1EA2FC93003883E9;
					};
					CFEAC06C1EA2FC93003883E9 = {
						CreatedOnToolsVersion = 8.3.1;
						DevelopmentTeam = 7VK86NNJUX;
						ProvisioningStyle = Automatic;
						TestTargetID = CFEAC04A1EA2FC93003883E9;
					};
				};
			};
			buildConfigurationList = CFEAC0461EA2FC93003883E9 /* Build configuration list for PBXProject "simple-calc" */;
			compatibilityVersion = "Xcode 3.2";
			developmentRegion = English;
			hasScannedForEncodings = 0;
			knownRegions = (
				en,
				Base,
			);
			mainGroup = CFEAC0421EA2FC93003883E9;
			productRefGroup = CFEAC04C1EA2FC93003883E9 /* Products */;
			projectDirPath = "";
			projectRoot = "";
			targets = (
				CFEAC04A1EA2FC93003883E9 /* simple-calc */,
				CFEAC0611EA2FC93003883E9 /* simple-calcTests */,
				CFEAC06C1EA2FC93003883E9 /* simple-calcUITests */,
			);
		};
/* End PBXProject section */

/* Begin PBXResourcesBuildPhase section */
		CFEAC0491EA2FC93003883E9 /* Resources */ = {
			isa = PBXResourcesBuildPhase;
			buildActionMask = 2147483647;
			files = (
				CFEAC05C1EA2FC93003883E9 /* LaunchScreen.storyboard in Resources */,
				CFEAC0591EA2FC93003883E9 /* Assets.xcassets in Resources */,
				CFEAC0541EA2FC93003883E9 /* Main.storyboard in Resources */,
			);
			runOnlyForDeploymentPostprocessing = 0;
		};
		CFEAC0601EA2FC93003883E9 /* Resources */ = {
			isa = PBXResourcesBuildPhase;
			buildActionMask = 2147483647;
			files = (
			);
			runOnlyForDeploymentPostprocessing = 0;
		};
		CFEAC06B1EA2FC93003883E9 /* Resources */ = {
			isa = PBXResourcesBuildPhase;
			buildActionMask = 2147483647;
			files = (
			);
			runOnlyForDeploymentPostprocessing = 0;
		};
/* End PBXResourcesBuildPhase section */

/* Begin PBXSourcesBuildPhase section */
		CFEAC0471EA2FC93003883E9 /* Sources */ = {
			isa = PBXSourcesBuildPhase;
			buildActionMask = 2147483647;
			files = (
				CFEAC0511EA2FC93003883E9 /* ViewController.swift in Sources */,
				CFEAC04F1EA2FC93003883E9 /* AppDelegate.swift in Sources */,
				CFEAC0571EA2FC93003883E9 /* simple_calc.xcdatamodeld in Sources */,
				CF56C75B1EB3368F0047F90E /* HistoryViewController.swift in Sources */,
			);
			runOnlyForDeploymentPostprocessing = 0;
		};
		CFEAC05E1EA2FC93003883E9 /* Sources */ = {
			isa = PBXSourcesBuildPhase;
			buildActionMask = 2147483647;
			files = (
				CFEAC0671EA2FC93003883E9 /* simple_calcTests.swift in Sources */,
			);
			runOnlyForDeploymentPostprocessing = 0;
		};
		CFEAC0691EA2FC93003883E9 /* Sources */ = {
			isa = PBXSourcesBuildPhase;
			buildActionMask = 2147483647;
			files = (
				CFEAC0721EA2FC93003883E9 /* simple_calcUITests.swift in Sources */,
			);
			runOnlyForDeploymentPostprocessing = 0;
		};
/* End PBXSourcesBuildPhase section */

/* Begin PBXTargetDependency section */
		CFEAC0641EA2FC93003883E9 /* PBXTargetDependency */ = {
			isa = PBXTargetDependency;
			target = CFEAC04A1EA2FC93003883E9 /* simple-calc */;
			targetProxy = CFEAC0631EA2FC93003883E9 /* PBXContainerItemProxy */;
		};
		CFEAC06F1EA2FC93003883E9 /* PBXTargetDependency */ = {
			isa = PBXTargetDependency;
			target = CFEAC04A1EA2FC93003883E9 /* simple-calc */;
			targetProxy = CFEAC06E1EA2FC93003883E9 /* PBXContainerItemProxy */;
		};
/* End PBXTargetDependency section */

/* Begin PBXVariantGroup section */
		CFEAC0521EA2FC93003883E9 /* Main.storyboard */ = {
			isa = PBXVariantGroup;
			children = (
				CFEAC0531EA2FC93003883E9 /* Base */,
			);
			name = Main.storyboard;
			sourceTree = "<group>";
		};
		CFEAC05A1EA2FC93003883E9 /* LaunchScreen.storyboard */ = {
			isa = PBXVariantGroup;
			children = (
				CFEAC05B1EA2FC93003883E9 /* Base */,
			);
			name = LaunchScreen.storyboard;
			sourceTree = "<group>";
		};
/* End PBXVariantGroup section */

/* Begin XCBuildConfiguration section */
		CFEAC0741EA2FC93003883E9 /* Debug */ = {
			isa = XCBuildConfiguration;
			buildSettings = {
				ALWAYS_SEARCH_USER_PATHS = NO;
				CLANG_ANALYZER_NONNULL = YES;
				CLANG_ANALYZER_NUMBER_OBJECT_CONVERSION = YES_AGGRESSIVE;
				CLANG_CXX_LANGUAGE_STANDARD = "gnu++0x";
				CLANG_CXX_LIBRARY = "libc++";
				CLANG_ENABLE_MODULES = YES;
				CLANG_ENABLE_OBJC_ARC = YES;
				CLANG_WARN_BOOL_CONVERSION = YES;
				CLANG_WARN_CONSTANT_CONVERSION = YES;
				CLANG_WARN_DIRECT_OBJC_ISA_USAGE = YES_ERROR;
				CLANG_WARN_DOCUMENTATION_COMMENTS = YES;
				CLANG_WARN_EMPTY_BODY = YES;
				CLANG_WARN_ENUM_CONVERSION = YES;
				CLANG_WARN_INFINITE_RECURSION = YES;
				CLANG_WARN_INT_CONVERSION = YES;
				CLANG_WARN_OBJC_ROOT_CLASS = YES_ERROR;
				CLANG_WARN_SUSPICIOUS_MOVE = YES;
				CLANG_WARN_UNREACHABLE_CODE = YES;
				CLANG_WARN__DUPLICATE_METHOD_MATCH = YES;
				"CODE_SIGN_IDENTITY[sdk=iphoneos*]" = "iPhone Developer";
				COPY_PHASE_STRIP = NO;
				DEBUG_INFORMATION_FORMAT = dwarf;
				ENABLE_STRICT_OBJC_MSGSEND = YES;
				ENABLE_TESTABILITY = YES;
				GCC_C_LANGUAGE_STANDARD = gnu99;
				GCC_DYNAMIC_NO_PIC = NO;
				GCC_NO_COMMON_BLOCKS = YES;
				GCC_OPTIMIZATION_LEVEL = 0;
				GCC_PREPROCESSOR_DEFINITIONS = (
					"DEBUG=1",
					"$(inherited)",
				);
				GCC_WARN_64_TO_32_BIT_CONVERSION = YES;
				GCC_WARN_ABOUT_RETURN_TYPE = YES_ERROR;
				GCC_WARN_UNDECLARED_SELECTOR = YES;
				GCC_WARN_UNINITIALIZED_AUTOS = YES_AGGRESSIVE;
				GCC_WARN_UNUSED_FUNCTION = YES;
				GCC_WARN_UNUSED_VARIABLE = YES;
				IPHONEOS_DEPLOYMENT_TARGET = 10.3;
				MTL_ENABLE_DEBUG_INFO = YES;
				ONLY_ACTIVE_ARCH = YES;
				SDKROOT = iphoneos;
				SWIFT_ACTIVE_COMPILATION_CONDITIONS = DEBUG;
				SWIFT_OPTIMIZATION_LEVEL = "-Onone";
				TARGETED_DEVICE_FAMILY = "1,2";
			};
			name = Debug;
		};
		CFEAC0751EA2FC93003883E9 /* Release */ = {
			isa = XCBuildConfiguration;
			buildSettings = {
				ALWAYS_SEARCH_USER_PATHS = NO;
				CLANG_ANALYZER_NONNULL = YES;
				CLANG_ANALYZER_NUMBER_OBJECT_CONVERSION = YES_AGGRESSIVE;
				CLANG_CXX_LANGUAGE_STANDARD = "gnu++0x";
				CLANG_CXX_LIBRARY = "libc++";
				CLANG_ENABLE_MODULES = YES;
				CLANG_ENABLE_OBJC_ARC = YES;
				CLANG_WARN_BOOL_CONVERSION = YES;
				CLANG_WARN_CONSTANT_CONVERSION = YES;
				CLANG_WARN_DIRECT_OBJC_ISA_USAGE = YES_ERROR;
				CLANG_WARN_DOCUMENTATION_COMMENTS = YES;
				CLANG_WARN_EMPTY_BODY = YES;
				CLANG_WARN_ENUM_CONVERSION = YES;
				CLANG_WARN_INFINITE_RECURSION = YES;
				CLANG_WARN_INT_CONVERSION = YES;
				CLANG_WARN_OBJC_ROOT_CLASS = YES_ERROR;
				CLANG_WARN_SUSPICIOUS_MOVE = YES;
				CLANG_WARN_UNREACHABLE_CODE = YES;
				CLANG_WARN__DUPLICATE_METHOD_MATCH = YES;
				"CODE_SIGN_IDENTITY[sdk=iphoneos*]" = "iPhone Developer";
				COPY_PHASE_STRIP = NO;
				DEBUG_INFORMATION_FORMAT = "dwarf-with-dsym";
				ENABLE_NS_ASSERTIONS = NO;
				ENABLE_STRICT_OBJC_MSGSEND = YES;
				GCC_C_LANGUAGE_STANDARD = gnu99;
				GCC_NO_COMMON_BLOCKS = YES;
				GCC_WARN_64_TO_32_BIT_CONVERSION = YES;
				GCC_WARN_ABOUT_RETURN_TYPE = YES_ERROR;
				GCC_WARN_UNDECLARED_SELECTOR = YES;
				GCC_WARN_UNINITIALIZED_AUTOS = YES_AGGRESSIVE;
				GCC_WARN_UNUSED_FUNCTION = YES;
				GCC_WARN_UNUSED_VARIABLE = YES;
				IPHONEOS_DEPLOYMENT_TARGET = 10.3;
				MTL_ENABLE_DEBUG_INFO = NO;
				SDKROOT = iphoneos;
				SWIFT_OPTIMIZATION_LEVEL = "-Owholemodule";
				TARGETED_DEVICE_FAMILY = "1,2";
				VALIDATE_PRODUCT = YES;
			};
			name = Release;
		};
		CFEAC0771EA2FC93003883E9 /* Debug */ = {
			isa = XCBuildConfiguration;
			buildSettings = {
				ASSETCATALOG_COMPILER_APPICON_NAME = AppIcon;
				DEVELOPMENT_TEAM = 7VK86NNJUX;
				INFOPLIST_FILE = "simple-calc/Info.plist";
				LD_RUNPATH_SEARCH_PATHS = "$(inherited) @executable_path/Frameworks";
				PRODUCT_BUNDLE_IDENTIFIER = "com.patau.simple-calc";
				PRODUCT_NAME = "$(TARGET_NAME)";
				SWIFT_VERSION = 3.0;
			};
			name = Debug;
		};
		CFEAC0781EA2FC93003883E9 /* Release */ = {
			isa = XCBuildConfiguration;
			buildSettings = {
				ASSETCATALOG_COMPILER_APPICON_NAME = AppIcon;
				DEVELOPMENT_TEAM = 7VK86NNJUX;
				INFOPLIST_FILE = "simple-calc/Info.plist";
				LD_RUNPATH_SEARCH_PATHS = "$(inherited) @executable_path/Frameworks";
				PRODUCT_BUNDLE_IDENTIFIER = "com.patau.simple-calc";
				PRODUCT_NAME = "$(TARGET_NAME)";
				SWIFT_VERSION = 3.0;
			};
			name = Release;
		};
		CFEAC07A1EA2FC93003883E9 /* Debug */ = {
			isa = XCBuildConfiguration;
			buildSettings = {
				ALWAYS_EMBED_SWIFT_STANDARD_LIBRARIES = YES;
				BUNDLE_LOADER = "$(TEST_HOST)";
				DEVELOPMENT_TEAM = 7VK86NNJUX;
				INFOPLIST_FILE = "simple-calcTests/Info.plist";
				LD_RUNPATH_SEARCH_PATHS = "$(inherited) @executable_path/Frameworks @loader_path/Frameworks";
				PRODUCT_BUNDLE_IDENTIFIER = "com.patau.simple-calcTests";
				PRODUCT_NAME = "$(TARGET_NAME)";
				SWIFT_VERSION = 3.0;
				TEST_HOST = "$(BUILT_PRODUCTS_DIR)/simple-calc.app/simple-calc";
			};
			name = Debug;
		};
		CFEAC07B1EA2FC93003883E9 /* Release */ = {
			isa = XCBuildConfiguration;
			buildSettings = {
				ALWAYS_EMBED_SWIFT_STANDARD_LIBRARIES = YES;
				BUNDLE_LOADER = "$(TEST_HOST)";
				DEVELOPMENT_TEAM = 7VK86NNJUX;
				INFOPLIST_FILE = "simple-calcTests/Info.plist";
				LD_RUNPATH_SEARCH_PATHS = "$(inherited) @executable_path/Frameworks @loader_path/Frameworks";
				PRODUCT_BUNDLE_IDENTIFIER = "com.patau.simple-calcTests";
				PRODUCT_NAME = "$(TARGET_NAME)";
				SWIFT_VERSION = 3.0;
				TEST_HOST = "$(BUILT_PRODUCTS_DIR)/simple-calc.app/simple-calc";
			};
			name = Release;
		};
		CFEAC07D1EA2FC93003883E9 /* Debug */ = {
			isa = XCBuildConfiguration;
			buildSettings = {
				ALWAYS_EMBED_SWIFT_STANDARD_LIBRARIES = YES;
				DEVELOPMENT_TEAM = 7VK86NNJUX;
				INFOPLIST_FILE = "simple-calcUITests/Info.plist";
				LD_RUNPATH_SEARCH_PATHS = "$(inherited) @executable_path/Frameworks @loader_path/Frameworks";
				PRODUCT_BUNDLE_IDENTIFIER = "com.patau.simple-calcUITests";
				PRODUCT_NAME = "$(TARGET_NAME)";
				SWIFT_VERSION = 3.0;
				TEST_TARGET_NAME = "simple-calc";
			};
			name = Debug;
		};
		CFEAC07E1EA2FC93003883E9 /* Release */ = {
			isa = XCBuildConfiguration;
			buildSettings = {
				ALWAYS_EMBED_SWIFT_STANDARD_LIBRARIES = YES;
				DEVELOPMENT_TEAM = 7VK86NNJUX;
				INFOPLIST_FILE = "simple-calcUITests/Info.plist";
				LD_RUNPATH_SEARCH_PATHS = "$(inherited) @executable_path/Frameworks @loader_path/Frameworks";
				PRODUCT_BUNDLE_IDENTIFIER = "com.patau.simple-calcUITests";
				PRODUCT_NAME = "$(TARGET_NAME)";
				SWIFT_VERSION = 3.0;
				TEST_TARGET_NAME = "simple-calc";
			};
			name = Release;
		};
/* End XCBuildConfiguration section */

/* Begin XCConfigurationList section */
		CFEAC0461EA2FC93003883E9 /* Build configuration list for PBXProject "simple-calc" */ = {
			isa = XCConfigurationList;
			buildConfigurations = (
				CFEAC0741EA2FC93003883E9 /* Debug */,
				CFEAC0751EA2FC93003883E9 /* Release */,
			);
			defaultConfigurationIsVisible = 0;
			defaultConfigurationName = Release;
		};
		CFEAC0761EA2FC93003883E9 /* Build configuration list for PBXNativeTarget "simple-calc" */ = {
			isa = XCConfigurationList;
			buildConfigurations = (
				CFEAC0771EA2FC93003883E9 /* Debug */,
				CFEAC0781EA2FC93003883E9 /* Release */,
			);
			defaultConfigurationIsVisible = 0;
			defaultConfigurationName = Release;
		};
		CFEAC0791EA2FC93003883E9 /* Build configuration list for PBXNativeTarget "simple-calcTests" */ = {
			isa = XCConfigurationList;
			buildConfigurations = (
				CFEAC07A1EA2FC93003883E9 /* Debug */,
				CFEAC07B1EA2FC93003883E9 /* Release */,
			);
			defaultConfigurationIsVisible = 0;
			defaultConfigurationName = Release;
		};
		CFEAC07C1EA2FC93003883E9 /* Build configuration list for PBXNativeTarget "simple-calcUITests" */ = {
			isa = XCConfigurationList;
			buildConfigurations = (
				CFEAC07D1EA2FC93003883E9 /* Debug */,
				CFEAC07E1EA2FC93003883E9 /* Release */,
			);
			defaultConfigurationIsVisible = 0;
			defaultConfigurationName = Release;
		};
/* End XCConfigurationList section */

/* Begin XCVersionGroup section */
		CFEAC0551EA2FC93003883E9 /* simple_calc.xcdatamodeld */ = {
			isa = XCVersionGroup;
			children = (
				CFEAC0561EA2FC93003883E9 /* simple_calc.xcdatamodel */,
			);
			currentVersion = CFEAC0561EA2FC93003883E9 /* simple_calc.xcdatamodel */;
			path = simple_calc.xcdatamodeld;
			sourceTree = "<group>";
			versionGroupType = wrapper.xcdatamodel;
		};
/* End XCVersionGroup section */
	};
	rootObject = CFEAC0431EA2FC93003883E9 /* Project object */;
}
